
Microsoft Visual Studio Solution File, Format Version 12.00
# Visual Studio Version 16
VisualStudioVersion = 16.0.29911.84
MinimumVisualStudioVersion = 10.0.40219.1
Project("{FAE04EC0-301F-11D3-BF4B-00C04F79EFBC}") = "GenericService", "GenericService\GenericService.csproj", "{37720869-7BA3-4632-B54E-D9E2EDA0F3E4}"
EndProject
Global
	GlobalSection(SolutionConfigurationPlatforms) = preSolution
		Debug|Any CPU = Debug|Any CPU
		Release|Any CPU = Release|Any CPU
	EndGlobalSection
	GlobalSection(ProjectConfigurationPlatforms) = postSolution
		{37720869-7BA3-4632-B54E-D9E2EDA0F3E4}.Debug|Any CPU.ActiveCfg = Debug|Any CPU
		{37720869-7BA3-4632-B54E-D9E2EDA0F3E4}.Debug|Any CPU.Build.0 = Debug|Any CPU
		{37720869-7BA3-4632-B54E-D9E2EDA0F3E4}.Release|Any CPU.ActiveCfg = Release|Any CPU
		{37720869-7BA3-4632-B54E-D9E2EDA0F3E4}.Release|Any CPU.Build.0 = Release|Any CPU
	EndGlobalSection
	GlobalSection(SolutionProperties) = preSolution
		HideSolutionNode = FALSE
	EndGlobalSection
	GlobalSection(ExtensibilityGlobals) = postSolution
		SolutionGuid = {A3C1A555-7FDF-446D-B164-FF448D622A2A}
	EndGlobalSection
EndGlobal
