
Microsoft Visual Studio Solution File, Format Version 12.00
# Visual Studio Version 16
VisualStudioVersion = 16.0.29519.181
MinimumVisualStudioVersion = 10.0.40219.1
Project("{FAE04EC0-301F-11D3-BF4B-00C04F79EFBC}") = "MarsChallenge", "MarsChallenge\MarsChallenge.csproj", "{78A4623C-7948-452E-9DAF-C2E96B6D17C6}"
EndProject
Global
	GlobalSection(SolutionConfigurationPlatforms) = preSolution
		Debug|Any CPU = Debug|Any CPU
		Release|Any CPU = Release|Any CPU
	EndGlobalSection
	GlobalSection(ProjectConfigurationPlatforms) = postSolution
		{78A4623C-7948-452E-9DAF-C2E96B6D17C6}.Debug|Any CPU.ActiveCfg = Debug|Any CPU
		{78A4623C-7948-452E-9DAF-C2E96B6D17C6}.Debug|Any CPU.Build.0 = Debug|Any CPU
		{78A4623C-7948-452E-9DAF-C2E96B6D17C6}.Release|Any CPU.ActiveCfg = Release|Any CPU
		{78A4623C-7948-452E-9DAF-C2E96B6D17C6}.Release|Any CPU.Build.0 = Release|Any CPU
	EndGlobalSection
	GlobalSection(SolutionProperties) = preSolution
		HideSolutionNode = FALSE
	EndGlobalSection
	GlobalSection(ExtensibilityGlobals) = postSolution
		SolutionGuid = {26E6410D-B064-4839-920B-DDDB4FF93DF3}
	EndGlobalSection
EndGlobal
